
Microsoft Visual Studio Solution File, Format Version 12.00
# Visual Studio Version 17
VisualStudioVersion = 17.13.35919.96 d17.13
MinimumVisualStudioVersion = 10.0.40219.1
Project("{8BC9CEB8-8B4A-11D0-8D11-00A0C91BC942}") = "ssl", "ssl.vcxproj", "{E62B6146-D8B1-ECEB-3416-FF0566086DAF}"
EndProject
Global
	GlobalSection(SolutionConfigurationPlatforms) = preSolution
		Debug|x64 = Debug|x64
		Debug|x86 = Debug|x86
		Release|x64 = Release|x64
		Release|x86 = Release|x86
	EndGlobalSection
	GlobalSection(ProjectConfigurationPlatforms) = postSolution
		{E62B6146-D8B1-ECEB-3416-FF0566086DAF}.Debug|x64.ActiveCfg = Debug|x64
		{E62B6146-D8B1-ECEB-3416-FF0566086DAF}.Debug|x64.Build.0 = Debug|x64
		{E62B6146-D8B1-ECEB-3416-FF0566086DAF}.Debug|x86.ActiveCfg = Debug|Win32
		{E62B6146-D8B1-ECEB-3416-FF0566086DAF}.Debug|x86.Build.0 = Debug|Win32
		{E62B6146-D8B1-ECEB-3416-FF0566086DAF}.Release|x64.ActiveCfg = Release|x64
		{E62B6146-D8B1-ECEB-3416-FF0566086DAF}.Release|x64.Build.0 = Release|x64
		{E62B6146-D8B1-ECEB-3416-FF0566086DAF}.Release|x86.ActiveCfg = Release|Win32
		{E62B6146-D8B1-ECEB-3416-FF0566086DAF}.Release|x86.Build.0 = Release|Win32
	EndGlobalSection
	GlobalSection(SolutionProperties) = preSolution
		HideSolutionNode = FALSE
	EndGlobalSection
	GlobalSection(ExtensibilityGlobals) = postSolution
		SolutionGuid = {DD70BB88-09D3-4382-B0EA-370635EF520C}
	EndGlobalSection
EndGlobal
